// !$*UTF8*$!
{
	archiveVersion = 1;
	classes = {
	};
	objectVersion = 56;
	objects = {

/* Begin PBXBuildFile section */
		4EC917592B41F11B009A7E54 /* SteadyApp.swift in Sources */ = {isa = PBXBuildFile; fileRef = 4EC917582B41F11B009A7E54 /* SteadyApp.swift */; };
		4EC9175B2B41F11B009A7E54 /* ContentView.swift in Sources */ = {isa = PBXBuildFile; fileRef = 4EC9175A2B41F11B009A7E54 /* ContentView.swift */; };
		4EC9175D2B41F11C009A7E54 /* Assets.xcassets in Resources */ = {isa = PBXBuildFile; fileRef = 4EC9175C2B41F11C009A7E54 /* Assets.xcassets */; };
		4EC917612B41F11C009A7E54 /* Preview Assets.xcassets in Resources */ = {isa = PBXBuildFile; fileRef = 4EC917602B41F11C009A7E54 /* Preview Assets.xcassets */; };
		4EC9176B2B41F11C009A7E54 /* SteadyTests.swift in Sources */ = {isa = PBXBuildFile; fileRef = 4EC9176A2B41F11C009A7E54 /* SteadyTests.swift */; };
		4EC917752B41F11C009A7E54 /* SteadyUITests.swift in Sources */ = {isa = PBXBuildFile; fileRef = 4EC917742B41F11C009A7E54 /* SteadyUITests.swift */; };
		4EC917772B41F11C009A7E54 /* SteadyUITestsLaunchTests.swift in Sources */ = {isa = PBXBuildFile; fileRef = 4EC917762B41F11C009A7E54 /* SteadyUITestsLaunchTests.swift */; };
/* End PBXBuildFile section */

/* Begin PBXContainerItemProxy section */
		4EC917672B41F11C009A7E54 /* PBXContainerItemProxy */ = {
			isa = PBXContainerItemProxy;
			containerPortal = 4EC9174D2B41F11B009A7E54 /* Project object */;
			proxyType = 1;
			remoteGlobalIDString = 4EC917542B41F11B009A7E54;
			remoteInfo = Steady;
		};
		4EC917712B41F11C009A7E54 /* PBXContainerItemProxy */ = {
			isa = PBXContainerItemProxy;
			containerPortal = 4EC9174D2B41F11B009A7E54 /* Project object */;
			proxyType = 1;
			remoteGlobalIDString = 4EC917542B41F11B009A7E54;
			remoteInfo = Steady;
		};
/* End PBXContainerItemProxy section */

/* Begin PBXFileReference section */
		4EC917552B41F11B009A7E54 /* Steady.app */ = {isa = PBXFileReference; explicitFileType = wrapper.application; includeInIndex = 0; path = Steady.app; sourceTree = BUILT_PRODUCTS_DIR; };
		4EC917582B41F11B009A7E54 /* SteadyApp.swift */ = {isa = PBXFileReference; lastKnownFileType = sourcecode.swift; path = SteadyApp.swift; sourceTree = "<group>"; };
		4EC9175A2B41F11B009A7E54 /* ContentView.swift */ = {isa = PBXFileReference; lastKnownFileType = sourcecode.swift; path = ContentView.swift; sourceTree = "<group>"; };
		4EC9175C2B41F11C009A7E54 /* Assets.xcassets */ = {isa = PBXFileReference; lastKnownFileType = folder.assetcatalog; path = Assets.xcassets; sourceTree = "<group>"; };
		4EC9175E2B41F11C009A7E54 /* Steady.entitlements */ = {isa = PBXFileReference; lastKnownFileType = text.plist.entitlements; path = Steady.entitlements; sourceTree = "<group>"; };
		4EC917602B41F11C009A7E54 /* Preview Assets.xcassets */ = {isa = PBXFileReference; lastKnownFileType = folder.assetcatalog; path = "Preview Assets.xcassets"; sourceTree = "<group>"; };
		4EC917662B41F11C009A7E54 /* SteadyTests.xctest */ = {isa = PBXFileReference; explicitFileType = wrapper.cfbundle; includeInIndex = 0; path = SteadyTests.xctest; sourceTree = BUILT_PRODUCTS_DIR; };
		4EC9176A2B41F11C009A7E54 /* SteadyTests.swift */ = {isa = PBXFileReference; lastKnownFileType = sourcecode.swift; path = SteadyTests.swift; sourceTree = "<group>"; };
		4EC917702B41F11C009A7E54 /* SteadyUITests.xctest */ = {isa = PBXFileReference; explicitFileType = wrapper.cfbundle; includeInIndex = 0; path = SteadyUITests.xctest; sourceTree = BUILT_PRODUCTS_DIR; };
		4EC917742B41F11C009A7E54 /* SteadyUITests.swift */ = {isa = PBXFileReference; lastKnownFileType = sourcecode.swift; path = SteadyUITests.swift; sourceTree = "<group>"; };
		4EC917762B41F11C009A7E54 /* SteadyUITestsLaunchTests.swift */ = {isa = PBXFileReference; lastKnownFileType = sourcecode.swift; path = SteadyUITestsLaunchTests.swift; sourceTree = "<group>"; };
/* End PBXFileReference section */

/* Begin PBXFrameworksBuildPhase section */
		4EC917522B41F11B009A7E54 /* Frameworks */ = {
			isa = PBXFrameworksBuildPhase;
			buildActionMask = 2147483647;
			files = (
			);
			runOnlyForDeploymentPostprocessing = 0;
		};
		4EC917632B41F11C009A7E54 /* Frameworks */ = {
			isa = PBXFrameworksBuildPhase;
			buildActionMask = 2147483647;
			files = (
			);
			runOnlyForDeploymentPostprocessing = 0;
		};
		4EC9176D2B41F11C009A7E54 /* Frameworks */ = {
			isa = PBXFrameworksBuildPhase;
			buildActionMask = 2147483647;
			files = (
			);
			runOnlyForDeploymentPostprocessing = 0;
		};
/* End PBXFrameworksBuildPhase section */

/* Begin PBXGroup section */
		4EC9174C2B41F11B009A7E54 = {
			isa = PBXGroup;
			children = (
				4EC917572B41F11B009A7E54 /* Steady */,
				4EC917692B41F11C009A7E54 /* SteadyTests */,
				4EC917732B41F11C009A7E54 /* SteadyUITests */,
				4EC917562B41F11B009A7E54 /* Products */,
			);
			sourceTree = "<group>";
		};
		4EC917562B41F11B009A7E54 /* Products */ = {
			isa = PBXGroup;
			children = (
				4EC917552B41F11B009A7E54 /* Steady.app */,
				4EC917662B41F11C009A7E54 /* SteadyTests.xctest */,
				4EC917702B41F11C009A7E54 /* SteadyUITests.xctest */,
			);
			name = Products;
			sourceTree = "<group>";
		};
		4EC917572B41F11B009A7E54 /* Steady */ = {
			isa = PBXGroup;
			children = (
				4EC917582B41F11B009A7E54 /* SteadyApp.swift */,
				4EC9175A2B41F11B009A7E54 /* ContentView.swift */,
				4EC9175C2B41F11C009A7E54 /* Assets.xcassets */,
				4EC9175E2B41F11C009A7E54 /* Steady.entitlements */,
				4EC9175F2B41F11C009A7E54 /* Preview Content */,
			);
			path = Steady;
			sourceTree = "<group>";
		};
		4EC9175F2B41F11C009A7E54 /* Preview Content */ = {
			isa = PBXGroup;
			children = (
				4EC917602B41F11C009A7E54 /* Preview Assets.xcassets */,
			);
			path = "Preview Content";
			sourceTree = "<group>";
		};
		4EC917692B41F11C009A7E54 /* SteadyTests */ = {
			isa = PBXGroup;
			children = (
				4EC9176A2B41F11C009A7E54 /* SteadyTests.swift */,
			);
			path = SteadyTests;
			sourceTree = "<group>";
		};
		4EC917732B41F11C009A7E54 /* SteadyUITests */ = {
			isa = PBXGroup;
			children = (
				4EC917742B41F11C009A7E54 /* SteadyUITests.swift */,
				4EC917762B41F11C009A7E54 /* SteadyUITestsLaunchTests.swift */,
			);
			path = SteadyUITests;
			sourceTree = "<group>";
		};
/* End PBXGroup section */

/* Begin PBXNativeTarget section */
		4EC917542B41F11B009A7E54 /* Steady */ = {
			isa = PBXNativeTarget;
			buildConfigurationList = 4EC9177A2B41F11C009A7E54 /* Build configuration list for PBXNativeTarget "Steady" */;
			buildPhases = (
				4EC917512B41F11B009A7E54 /* Sources */,
				4EC917522B41F11B009A7E54 /* Frameworks */,
				4EC917532B41F11B009A7E54 /* Resources */,
			);
			buildRules = (
			);
			dependencies = (
			);
			name = Steady;
			productName = Steady;
			productReference = 4EC917552B41F11B009A7E54 /* Steady.app */;
			productType = "com.apple.product-type.application";
		};
		4EC917652B41F11C009A7E54 /* SteadyTests */ = {
			isa = PBXNativeTarget;
			buildConfigurationList = 4EC9177D2B41F11C009A7E54 /* Build configuration list for PBXNativeTarget "SteadyTests" */;
			buildPhases = (
				4EC917622B41F11C009A7E54 /* Sources */,
				4EC917632B41F11C009A7E54 /* Frameworks */,
				4EC917642B41F11C009A7E54 /* Resources */,
			);
			buildRules = (
			);
			dependencies = (
				4EC917682B41F11C009A7E54 /* PBXTargetDependency */,
			);
			name = SteadyTests;
			productName = SteadyTests;
			productReference = 4EC917662B41F11C009A7E54 /* SteadyTests.xctest */;
			productType = "com.apple.product-type.bundle.unit-test";
		};
		4EC9176F2B41F11C009A7E54 /* SteadyUITests */ = {
			isa = PBXNativeTarget;
			buildConfigurationList = 4EC917802B41F11C009A7E54 /* Build configuration list for PBXNativeTarget "SteadyUITests" */;
			buildPhases = (
				4EC9176C2B41F11C009A7E54 /* Sources */,
				4EC9176D2B41F11C009A7E54 /* Frameworks */,
				4EC9176E2B41F11C009A7E54 /* Resources */,
			);
			buildRules = (
			);
			dependencies = (
				4EC917722B41F11C009A7E54 /* PBXTargetDependency */,
			);
			name = SteadyUITests;
			productName = SteadyUITests;
			productReference = 4EC917702B41F11C009A7E54 /* SteadyUITests.xctest */;
			productType = "com.apple.product-type.bundle.ui-testing";
		};
/* End PBXNativeTarget section */

/* Begin PBXProject section */
		4EC9174D2B41F11B009A7E54 /* Project object */ = {
			isa = PBXProject;
			attributes = {
				BuildIndependentTargetsInParallel = 1;
				LastSwiftUpdateCheck = 1510;
				LastUpgradeCheck = 1510;
				TargetAttributes = {
					4EC917542B41F11B009A7E54 = {
						CreatedOnToolsVersion = 15.1;
					};
					4EC917652B41F11C009A7E54 = {
						CreatedOnToolsVersion = 15.1;
						TestTargetID = 4EC917542B41F11B009A7E54;
					};
					4EC9176F2B41F11C009A7E54 = {
						CreatedOnToolsVersion = 15.1;
						TestTargetID = 4EC917542B41F11B009A7E54;
					};
				};
			};
			buildConfigurationList = 4EC917502B41F11B009A7E54 /* Build configuration list for PBXProject "Steady" */;
			compatibilityVersion = "Xcode 14.0";
			developmentRegion = en;
			hasScannedForEncodings = 0;
			knownRegions = (
				en,
				Base,
			);
			mainGroup = 4EC9174C2B41F11B009A7E54;
			productRefGroup = 4EC917562B41F11B009A7E54 /* Products */;
			projectDirPath = "";
			projectRoot = "";
			targets = (
				4EC917542B41F11B009A7E54 /* Steady */,
				4EC917652B41F11C009A7E54 /* SteadyTests */,
				4EC9176F2B41F11C009A7E54 /* SteadyUITests */,
			);
		};
/* End PBXProject section */

/* Begin PBXResourcesBuildPhase section */
		4EC917532B41F11B009A7E54 /* Resources */ = {
			isa = PBXResourcesBuildPhase;
			buildActionMask = 2147483647;
			files = (
				4EC917612B41F11C009A7E54 /* Preview Assets.xcassets in Resources */,
				4EC9175D2B41F11C009A7E54 /* Assets.xcassets in Resources */,
			);
			runOnlyForDeploymentPostprocessing = 0;
		};
		4EC917642B41F11C009A7E54 /* Resources */ = {
			isa = PBXResourcesBuildPhase;
			buildActionMask = 2147483647;
			files = (
			);
			runOnlyForDeploymentPostprocessing = 0;
		};
		4EC9176E2B41F11C009A7E54 /* Resources */ = {
			isa = PBXResourcesBuildPhase;
			buildActionMask = 2147483647;
			files = (
			);
			runOnlyForDeploymentPostprocessing = 0;
		};
/* End PBXResourcesBuildPhase section */

/* Begin PBXSourcesBuildPhase section */
		4EC917512B41F11B009A7E54 /* Sources */ = {
			isa = PBXSourcesBuildPhase;
			buildActionMask = 2147483647;
			files = (
				4EC9175B2B41F11B009A7E54 /* ContentView.swift in Sources */,
				4EC917592B41F11B009A7E54 /* SteadyApp.swift in Sources */,
			);
			runOnlyForDeploymentPostprocessing = 0;
		};
		4EC917622B41F11C009A7E54 /* Sources */ = {
			isa = PBXSourcesBuildPhase;
			buildActionMask = 2147483647;
			files = (
				4EC9176B2B41F11C009A7E54 /* SteadyTests.swift in Sources */,
			);
			runOnlyForDeploymentPostprocessing = 0;
		};
		4EC9176C2B41F11C009A7E54 /* Sources */ = {
			isa = PBXSourcesBuildPhase;
			buildActionMask = 2147483647;
			files = (
				4EC917772B41F11C009A7E54 /* SteadyUITestsLaunchTests.swift in Sources */,
				4EC917752B41F11C009A7E54 /* SteadyUITests.swift in Sources */,
			);
			runOnlyForDeploymentPostprocessing = 0;
		};
/* End PBXSourcesBuildPhase section */

/* Begin PBXTargetDependency section */
		4EC917682B41F11C009A7E54 /* PBXTargetDependency */ = {
			isa = PBXTargetDependency;
			target = 4EC917542B41F11B009A7E54 /* Steady */;
			targetProxy = 4EC917672B41F11C009A7E54 /* PBXContainerItemProxy */;
		};
		4EC917722B41F11C009A7E54 /* PBXTargetDependency */ = {
			isa = PBXTargetDependency;
			target = 4EC917542B41F11B009A7E54 /* Steady */;
			targetProxy = 4EC917712B41F11C009A7E54 /* PBXContainerItemProxy */;
		};
/* End PBXTargetDependency section */

/* Begin XCBuildConfiguration section */
		4EC917782B41F11C009A7E54 /* Debug */ = {
			isa = XCBuildConfiguration;
			buildSettings = {
				ALWAYS_SEARCH_USER_PATHS = NO;
				ASSETCATALOG_COMPILER_GENERATE_SWIFT_ASSET_SYMBOL_EXTENSIONS = YES;
				CLANG_ANALYZER_NONNULL = YES;
				CLANG_ANALYZER_NUMBER_OBJECT_CONVERSION = YES_AGGRESSIVE;
				CLANG_CXX_LANGUAGE_STANDARD = "gnu++20";
				CLANG_ENABLE_MODULES = YES;
				CLANG_ENABLE_OBJC_ARC = YES;
				CLANG_ENABLE_OBJC_WEAK = YES;
				CLANG_WARN_BLOCK_CAPTURE_AUTORELEASING = YES;
				CLANG_WARN_BOOL_CONVERSION = YES;
				CLANG_WARN_COMMA = YES;
				CLANG_WARN_CONSTANT_CONVERSION = YES;
				CLANG_WARN_DEPRECATED_OBJC_IMPLEMENTATIONS = YES;
				CLANG_WARN_DIRECT_OBJC_ISA_USAGE = YES_ERROR;
				CLANG_WARN_DOCUMENTATION_COMMENTS = YES;
				CLANG_WARN_EMPTY_BODY = YES;
				CLANG_WARN_ENUM_CONVERSION = YES;
				CLANG_WARN_INFINITE_RECURSION = YES;
				CLANG_WARN_INT_CONVERSION = YES;
				CLANG_WARN_NON_LITERAL_NULL_CONVERSION = YES;
				CLANG_WARN_OBJC_IMPLICIT_RETAIN_SELF = YES;
				CLANG_WARN_OBJC_LITERAL_CONVERSION = YES;
				CLANG_WARN_OBJC_ROOT_CLASS = YES_ERROR;
				CLANG_WARN_QUOTED_INCLUDE_IN_FRAMEWORK_HEADER = YES;
				CLANG_WARN_RANGE_LOOP_ANALYSIS = YES;
				CLANG_WARN_STRICT_PROTOTYPES = YES;
				CLANG_WARN_SUSPICIOUS_MOVE = YES;
				CLANG_WARN_UNGUARDED_AVAILABILITY = YES_AGGRESSIVE;
				CLANG_WARN_UNREACHABLE_CODE = YES;
				CLANG_WARN__DUPLICATE_METHOD_MATCH = YES;
				COPY_PHASE_STRIP = NO;
				DEBUG_INFORMATION_FORMAT = dwarf;
				ENABLE_STRICT_OBJC_MSGSEND = YES;
				ENABLE_TESTABILITY = YES;
				ENABLE_USER_SCRIPT_SANDBOXING = YES;
				GCC_C_LANGUAGE_STANDARD = gnu17;
				GCC_DYNAMIC_NO_PIC = NO;
				GCC_NO_COMMON_BLOCKS = YES;
				GCC_OPTIMIZATION_LEVEL = 0;
				GCC_PREPROCESSOR_DEFINITIONS = (
					"DEBUG=1",
					"$(inherited)",
				);
				GCC_WARN_64_TO_32_BIT_CONVERSION = YES;
				GCC_WARN_ABOUT_RETURN_TYPE = YES_ERROR;
				GCC_WARN_UNDECLARED_SELECTOR = YES;
				GCC_WARN_UNINITIALIZED_AUTOS = YES_AGGRESSIVE;
				GCC_WARN_UNUSED_FUNCTION = YES;
				GCC_WARN_UNUSED_VARIABLE = YES;
				LOCALIZATION_PREFERS_STRING_CATALOGS = YES;
				MTL_ENABLE_DEBUG_INFO = INCLUDE_SOURCE;
				MTL_FAST_MATH = YES;
				ONLY_ACTIVE_ARCH = YES;
				SWIFT_ACTIVE_COMPILATION_CONDITIONS = "DEBUG $(inherited)";
				SWIFT_OPTIMIZATION_LEVEL = "-Onone";
			};
			name = Debug;
		};
		4EC917792B41F11C009A7E54 /* Release */ = {
			isa = XCBuildConfiguration;
			buildSettings = {
				ALWAYS_SEARCH_USER_PATHS = NO;
				ASSETCATALOG_COMPILER_GENERATE_SWIFT_ASSET_SYMBOL_EXTENSIONS = YES;
				CLANG_ANALYZER_NONNULL = YES;
				CLANG_ANALYZER_NUMBER_OBJECT_CONVERSION = YES_AGGRESSIVE;
				CLANG_CXX_LANGUAGE_STANDARD = "gnu++20";
				CLANG_ENABLE_MODULES = YES;
				CLANG_ENABLE_OBJC_ARC = YES;
				CLANG_ENABLE_OBJC_WEAK = YES;
				CLANG_WARN_BLOCK_CAPTURE_AUTORELEASING = YES;
				CLANG_WARN_BOOL_CONVERSION = YES;
				CLANG_WARN_COMMA = YES;
				CLANG_WARN_CONSTANT_CONVERSION = YES;
				CLANG_WARN_DEPRECATED_OBJC_IMPLEMENTATIONS = YES;
				CLANG_WARN_DIRECT_OBJC_ISA_USAGE = YES_ERROR;
				CLANG_WARN_DOCUMENTATION_COMMENTS = YES;
				CLANG_WARN_EMPTY_BODY = YES;
				CLANG_WARN_ENUM_CONVERSION = YES;
				CLANG_WARN_INFINITE_RECURSION = YES;
				CLANG_WARN_INT_CONVERSION = YES;
				CLANG_WARN_NON_LITERAL_NULL_CONVERSION = YES;
				CLANG_WARN_OBJC_IMPLICIT_RETAIN_SELF = YES;
				CLANG_WARN_OBJC_LITERAL_CONVERSION = YES;
				CLANG_WARN_OBJC_ROOT_CLASS = YES_ERROR;
				CLANG_WARN_QUOTED_INCLUDE_IN_FRAMEWORK_HEADER = YES;
				CLANG_WARN_RANGE_LOOP_ANALYSIS = YES;
				CLANG_WARN_STRICT_PROTOTYPES = YES;
				CLANG_WARN_SUSPICIOUS_MOVE = YES;
				CLANG_WARN_UNGUARDED_AVAILABILITY = YES_AGGRESSIVE;
				CLANG_WARN_UNREACHABLE_CODE = YES;
				CLANG_WARN__DUPLICATE_METHOD_MATCH = YES;
				COPY_PHASE_STRIP = NO;
				DEBUG_INFORMATION_FORMAT = "dwarf-with-dsym";
				ENABLE_NS_ASSERTIONS = NO;
				ENABLE_STRICT_OBJC_MSGSEND = YES;
				ENABLE_USER_SCRIPT_SANDBOXING = YES;
				GCC_C_LANGUAGE_STANDARD = gnu17;
				GCC_NO_COMMON_BLOCKS = YES;
				GCC_WARN_64_TO_32_BIT_CONVERSION = YES;
				GCC_WARN_ABOUT_RETURN_TYPE = YES_ERROR;
				GCC_WARN_UNDECLARED_SELECTOR = YES;
				GCC_WARN_UNINITIALIZED_AUTOS = YES_AGGRESSIVE;
				GCC_WARN_UNUSED_FUNCTION = YES;
				GCC_WARN_UNUSED_VARIABLE = YES;
				LOCALIZATION_PREFERS_STRING_CATALOGS = YES;
				MTL_ENABLE_DEBUG_INFO = NO;
				MTL_FAST_MATH = YES;
				SWIFT_COMPILATION_MODE = wholemodule;
			};
			name = Release;
		};
		4EC9177B2B41F11C009A7E54 /* Debug */ = {
			isa = XCBuildConfiguration;
			buildSettings = {
				ASSETCATALOG_COMPILER_APPICON_NAME = AppIcon;
				ASSETCATALOG_COMPILER_GLOBAL_ACCENT_COLOR_NAME = AccentColor;
				CODE_SIGN_ENTITLEMENTS = Steady/Steady.entitlements;
				CODE_SIGN_STYLE = Automatic;
				CURRENT_PROJECT_VERSION = 1;
				DEVELOPMENT_ASSET_PATHS = "\"Steady/Preview Content\"";
				DEVELOPMENT_TEAM = A75NSTK2G2;
				ENABLE_HARDENED_RUNTIME = YES;
				ENABLE_PREVIEWS = YES;
				GENERATE_INFOPLIST_FILE = YES;
				"INFOPLIST_KEY_UIApplicationSceneManifest_Generation[sdk=iphoneos*]" = YES;
				"INFOPLIST_KEY_UIApplicationSceneManifest_Generation[sdk=iphonesimulator*]" = YES;
				"INFOPLIST_KEY_UIApplicationSupportsIndirectInputEvents[sdk=iphoneos*]" = YES;
				"INFOPLIST_KEY_UIApplicationSupportsIndirectInputEvents[sdk=iphonesimulator*]" = YES;
				"INFOPLIST_KEY_UILaunchScreen_Generation[sdk=iphoneos*]" = YES;
				"INFOPLIST_KEY_UILaunchScreen_Generation[sdk=iphonesimulator*]" = YES;
				"INFOPLIST_KEY_UIStatusBarStyle[sdk=iphoneos*]" = UIStatusBarStyleDefault;
				"INFOPLIST_KEY_UIStatusBarStyle[sdk=iphonesimulator*]" = UIStatusBarStyleDefault;
				INFOPLIST_KEY_UISupportedInterfaceOrientations_iPad = "UIInterfaceOrientationPortrait UIInterfaceOrientationPortraitUpsideDown UIInterfaceOrientationLandscapeLeft UIInterfaceOrientationLandscapeRight";
				INFOPLIST_KEY_UISupportedInterfaceOrientations_iPhone = "UIInterfaceOrientationPortrait UIInterfaceOrientationLandscapeLeft UIInterfaceOrientationLandscapeRight";
				IPHONEOS_DEPLOYMENT_TARGET = 17.2;
				LD_RUNPATH_SEARCH_PATHS = "@executable_path/Frameworks";
				"LD_RUNPATH_SEARCH_PATHS[sdk=macosx*]" = "@executable_path/../Frameworks";
				MACOSX_DEPLOYMENT_TARGET = 14.2;
				MARKETING_VERSION = 1.0;
				PRODUCT_BUNDLE_IDENTIFIER = net.kristopherjohnson.Steady;
				PRODUCT_NAME = "$(TARGET_NAME)";
				SDKROOT = auto;
				SUPPORTED_PLATFORMS = "iphoneos iphonesimulator macosx";
				SWIFT_EMIT_LOC_STRINGS = YES;
				SWIFT_VERSION = 5.0;
				TARGETED_DEVICE_FAMILY = "1,2";
			};
			name = Debug;
		};
		4EC9177C2B41F11C009A7E54 /* Release */ = {
			isa = XCBuildConfiguration;
			buildSettings = {
				ASSETCATALOG_COMPILER_APPICON_NAME = AppIcon;
				ASSETCATALOG_COMPILER_GLOBAL_ACCENT_COLOR_NAME = AccentColor;
				CODE_SIGN_ENTITLEMENTS = Steady/Steady.entitlements;
				CODE_SIGN_STYLE = Automatic;
				CURRENT_PROJECT_VERSION = 1;
				DEVELOPMENT_ASSET_PATHS = "\"Steady/Preview Content\"";
				DEVELOPMENT_TEAM = A75NSTK2G2;
				ENABLE_HARDENED_RUNTIME = YES;
				ENABLE_PREVIEWS = YES;
				GENERATE_INFOPLIST_FILE = YES;
				"INFOPLIST_KEY_UIApplicationSceneManifest_Generation[sdk=iphoneos*]" = YES;
				"INFOPLIST_KEY_UIApplicationSceneManifest_Generation[sdk=iphonesimulator*]" = YES;
				"INFOPLIST_KEY_UIApplicationSupportsIndirectInputEvents[sdk=iphoneos*]" = YES;
				"INFOPLIST_KEY_UIApplicationSupportsIndirectInputEvents[sdk=iphonesimulator*]" = YES;
				"INFOPLIST_KEY_UILaunchScreen_Generation[sdk=iphoneos*]" = YES;
				"INFOPLIST_KEY_UILaunchScreen_Generation[sdk=iphonesimulator*]" = YES;
				"INFOPLIST_KEY_UIStatusBarStyle[sdk=iphoneos*]" = UIStatusBarStyleDefault;
				"INFOPLIST_KEY_UIStatusBarStyle[sdk=iphonesimulator*]" = UIStatusBarStyleDefault;
				INFOPLIST_KEY_UISupportedInterfaceOrientations_iPad = "UIInterfaceOrientationPortrait UIInterfaceOrientationPortraitUpsideDown UIInterfaceOrientationLandscapeLeft UIInterfaceOrientationLandscapeRight";
				INFOPLIST_KEY_UISupportedInterfaceOrientations_iPhone = "UIInterfaceOrientationPortrait UIInterfaceOrientationLandscapeLeft UIInterfaceOrientationLandscapeRight";
				IPHONEOS_DEPLOYMENT_TARGET = 17.2;
				LD_RUNPATH_SEARCH_PATHS = "@executable_path/Frameworks";
				"LD_RUNPATH_SEARCH_PATHS[sdk=macosx*]" = "@executable_path/../Frameworks";
				MACOSX_DEPLOYMENT_TARGET = 14.2;
				MARKETING_VERSION = 1.0;
				PRODUCT_BUNDLE_IDENTIFIER = net.kristopherjohnson.Steady;
				PRODUCT_NAME = "$(TARGET_NAME)";
				SDKROOT = auto;
				SUPPORTED_PLATFORMS = "iphoneos iphonesimulator macosx";
				SWIFT_EMIT_LOC_STRINGS = YES;
				SWIFT_VERSION = 5.0;
				TARGETED_DEVICE_FAMILY = "1,2";
			};
			name = Release;
		};
		4EC9177E2B41F11C009A7E54 /* Debug */ = {
			isa = XCBuildConfiguration;
			buildSettings = {
				ALWAYS_EMBED_SWIFT_STANDARD_LIBRARIES = YES;
				BUNDLE_LOADER = "$(TEST_HOST)";
				CODE_SIGN_STYLE = Automatic;
				CURRENT_PROJECT_VERSION = 1;
				DEVELOPMENT_TEAM = A75NSTK2G2;
				GENERATE_INFOPLIST_FILE = YES;
				IPHONEOS_DEPLOYMENT_TARGET = 17.2;
				MACOSX_DEPLOYMENT_TARGET = 14.2;
				MARKETING_VERSION = 1.0;
				PRODUCT_BUNDLE_IDENTIFIER = net.kristopherjohnson.SteadyTests;
				PRODUCT_NAME = "$(TARGET_NAME)";
				SDKROOT = auto;
				SUPPORTED_PLATFORMS = "iphoneos iphonesimulator macosx";
				SWIFT_EMIT_LOC_STRINGS = NO;
				SWIFT_VERSION = 5.0;
				TARGETED_DEVICE_FAMILY = "1,2";
				TEST_HOST = "$(BUILT_PRODUCTS_DIR)/Steady.app/$(BUNDLE_EXECUTABLE_FOLDER_PATH)/Steady";
			};
			name = Debug;
		};
		4EC9177F2B41F11C009A7E54 /* Release */ = {
			isa = XCBuildConfiguration;
			buildSettings = {
				ALWAYS_EMBED_SWIFT_STANDARD_LIBRARIES = YES;
				BUNDLE_LOADER = "$(TEST_HOST)";
				CODE_SIGN_STYLE = Automatic;
				CURRENT_PROJECT_VERSION = 1;
				DEVELOPMENT_TEAM = A75NSTK2G2;
				GENERATE_INFOPLIST_FILE = YES;
				IPHONEOS_DEPLOYMENT_TARGET = 17.2;
				MACOSX_DEPLOYMENT_TARGET = 14.2;
				MARKETING_VERSION = 1.0;
				PRODUCT_BUNDLE_IDENTIFIER = net.kristopherjohnson.SteadyTests;
				PRODUCT_NAME = "$(TARGET_NAME)";
				SDKROOT = auto;
				SUPPORTED_PLATFORMS = "iphoneos iphonesimulator macosx";
				SWIFT_EMIT_LOC_STRINGS = NO;
				SWIFT_VERSION = 5.0;
				TARGETED_DEVICE_FAMILY = "1,2";
				TEST_HOST = "$(BUILT_PRODUCTS_DIR)/Steady.app/$(BUNDLE_EXECUTABLE_FOLDER_PATH)/Steady";
			};
			name = Release;
		};
		4EC917812B41F11C009A7E54 /* Debug */ = {
			isa = XCBuildConfiguration;
			buildSettings = {
				ALWAYS_EMBED_SWIFT_STANDARD_LIBRARIES = YES;
				CODE_SIGN_STYLE = Automatic;
				CURRENT_PROJECT_VERSION = 1;
				DEVELOPMENT_TEAM = A75NSTK2G2;
				GENERATE_INFOPLIST_FILE = YES;
				IPHONEOS_DEPLOYMENT_TARGET = 17.2;
				MACOSX_DEPLOYMENT_TARGET = 14.2;
				MARKETING_VERSION = 1.0;
				PRODUCT_BUNDLE_IDENTIFIER = net.kristopherjohnson.SteadyUITests;
				PRODUCT_NAME = "$(TARGET_NAME)";
				SDKROOT = auto;
				SUPPORTED_PLATFORMS = "iphoneos iphonesimulator macosx";
				SWIFT_EMIT_LOC_STRINGS = NO;
				SWIFT_VERSION = 5.0;
				TARGETED_DEVICE_FAMILY = "1,2";
				TEST_TARGET_NAME = Steady;
			};
			name = Debug;
		};
		4EC917822B41F11C009A7E54 /* Release */ = {
			isa = XCBuildConfiguration;
			buildSettings = {
				ALWAYS_EMBED_SWIFT_STANDARD_LIBRARIES = YES;
				CODE_SIGN_STYLE = Automatic;
				CURRENT_PROJECT_VERSION = 1;
				DEVELOPMENT_TEAM = A75NSTK2G2;
				GENERATE_INFOPLIST_FILE = YES;
				IPHONEOS_DEPLOYMENT_TARGET = 17.2;
				MACOSX_DEPLOYMENT_TARGET = 14.2;
				MARKETING_VERSION = 1.0;
				PRODUCT_BUNDLE_IDENTIFIER = net.kristopherjohnson.SteadyUITests;
				PRODUCT_NAME = "$(TARGET_NAME)";
				SDKROOT = auto;
				SUPPORTED_PLATFORMS = "iphoneos iphonesimulator macosx";
				SWIFT_EMIT_LOC_STRINGS = NO;
				SWIFT_VERSION = 5.0;
				TARGETED_DEVICE_FAMILY = "1,2";
				TEST_TARGET_NAME = Steady;
			};
			name = Release;
		};
/* End XCBuildConfiguration section */

/* Begin XCConfigurationList section */
		4EC917502B41F11B009A7E54 /* Build configuration list for PBXProject "Steady" */ = {
			isa = XCConfigurationList;
			buildConfigurations = (
				4EC917782B41F11C009A7E54 /* Debug */,
				4EC917792B41F11C009A7E54 /* Release */,
			);
			defaultConfigurationIsVisible = 0;
			defaultConfigurationName = Release;
		};
		4EC9177A2B41F11C009A7E54 /* Build configuration list for PBXNativeTarget "Steady" */ = {
			isa = XCConfigurationList;
			buildConfigurations = (
				4EC9177B2B41F11C009A7E54 /* Debug */,
				4EC9177C2B41F11C009A7E54 /* Release */,
			);
			defaultConfigurationIsVisible = 0;
			defaultConfigurationName = Release;
		};
		4EC9177D2B41F11C009A7E54 /* Build configuration list for PBXNativeTarget "SteadyTests" */ = {
			isa = XCConfigurationList;
			buildConfigurations = (
				4EC9177E2B41F11C009A7E54 /* Debug */,
				4EC9177F2B41F11C009A7E54 /* Release */,
			);
			defaultConfigurationIsVisible = 0;
			defaultConfigurationName = Release;
		};
		4EC917802B41F11C009A7E54 /* Build configuration list for PBXNativeTarget "SteadyUITests" */ = {
			isa = XCConfigurationList;
			buildConfigurations = (
				4EC917812B41F11C009A7E54 /* Debug */,
				4EC917822B41F11C009A7E54 /* Release */,
			);
			defaultConfigurationIsVisible = 0;
			defaultConfigurationName = Release;
		};
/* End XCConfigurationList section */
	};
	rootObject = 4EC9174D2B41F11B009A7E54 /* Project object */;
}
